# This file is generated by running "yarn install" inside your project.
# Manual changes might be lost - proceed with caution!

__metadata:
  version: 8
  cacheKey: 10c0

"abbrev@npm:1":
  version: 1.1.1
  resolution: "abbrev@npm:1.1.1"
  checksum: 10c0/3f762677702acb24f65e813070e306c61fafe25d4b2583f9dfc935131f774863f3addd5741572ed576bd69cabe473c5af18e1e108b829cb7b6b4747884f726e6
  languageName: node
  linkType: hard

"ansi-regex@npm:^2.0.0":
  version: 2.1.1
  resolution: "ansi-regex@npm:2.1.1"
  checksum: 10c0/78cebaf50bce2cb96341a7230adf28d804611da3ce6bf338efa7b72f06cc6ff648e29f80cd95e582617ba58d5fdbec38abfeed3500a98bce8381a9daec7c548b
  languageName: node
  linkType: hard

"ansi-regex@npm:^6.0.1":
  version: 6.2.2
  resolution: "ansi-regex@npm:6.2.2"
  checksum: 10c0/05d4acb1d2f59ab2cf4b794339c7b168890d44dda4bf0ce01152a8da0213aca207802f930442ce8cd22d7a92f44907664aac6508904e75e038fa944d2601b30f
  languageName: node
  linkType: hard

"ansi-styles@npm:^2.2.1":
  version: 2.2.1
  resolution: "ansi-styles@npm:2.2.1"
  checksum: 10c0/7c68aed4f1857389e7a12f85537ea5b40d832656babbf511cc7ecd9efc52889b9c3e5653a71a6aade783c3c5e0aa223ad4ff8e83c27ac8a666514e6c79068cab
  languageName: node
  linkType: hard

"ansi-styles@npm:^3.2.1":
  version: 3.2.1
  resolution: "ansi-styles@npm:3.2.1"
  dependencies:
    color-convert: "npm:^1.9.0"
  checksum: 10c0/ece5a8ef069fcc5298f67e3f4771a663129abd174ea2dfa87923a2be2abf6cd367ef72ac87942da00ce85bd1d651d4cd8595aebdb1b385889b89b205860e977b
  languageName: node
  linkType: hard

"ansi-styles@npm:^6.2.1":
  version: 6.2.3
  resolution: "ansi-styles@npm:6.2.3"
  checksum: 10c0/23b8a4ce14e18fb854693b95351e286b771d23d8844057ed2e7d083cd3e708376c3323707ec6a24365f7d7eda3ca00327fe04092e29e551499ec4c8b7bfac868
  languageName: node
  linkType: hard

"array-find-index@npm:^1.0.2":
  version: 1.0.2
  resolution: "array-find-index@npm:1.0.2"
  checksum: 10c0/86b9485c74ddd324feab807e10a6de3f9c1683856267236fac4bb4d4667ada6463e106db3f6c540ae6b720e0442b590ec701d13676df4c6af30ebf4da09b4f57
  languageName: node
  linkType: hard

"asap@npm:^2.0.0":
  version: 2.0.6
  resolution: "asap@npm:2.0.6"
  checksum: 10c0/c6d5e39fe1f15e4b87677460bd66b66050cd14c772269cee6688824c1410a08ab20254bb6784f9afb75af9144a9f9a7692d49547f4d19d715aeb7c0318f3136d
  languageName: node
  linkType: hard

"balanced-match@npm:^1.0.0":
  version: 1.0.2
  resolution: "balanced-match@npm:1.0.2"
  checksum: 10c0/9308baf0a7e4838a82bbfd11e01b1cb0f0cf2893bc1676c27c2a8c0e70cbae1c59120c3268517a8ae7fb6376b4639ef81ca22582611dbee4ed28df945134aaee
  languageName: node
  linkType: hard

"bluebird@npm:^3.7.2":
  version: 3.7.2
  resolution: "bluebird@npm:3.7.2"
  checksum: 10c0/680de03adc54ff925eaa6c7bb9a47a0690e8b5de60f4792604aae8ed618c65e6b63a7893b57ca924beaf53eee69c5af4f8314148c08124c550fe1df1add897d2
  languageName: node
  linkType: hard

"bower-json@npm:^0.8.4":
  version: 0.8.4
  resolution: "bower-json@npm:0.8.4"
  dependencies:
    deep-extend: "npm:^0.5.1"
    ends-with: "npm:^0.2.0"
    ext-list: "npm:^2.0.0"
    graceful-fs: "npm:^4.1.3"
    intersect: "npm:^1.0.1"
    sort-keys-length: "npm:^1.0.0"
  checksum: 10c0/77c0865e1f1221bf91d6f19a9899113ec187f44e7e0a718421b3f00ea532ffb8f23d40c7ebd927bda25d05b521c18874433af3741752e0a3ff037576b7c5279e
  languageName: node
  linkType: hard

"bower-json@npm:~0.4.0":
  version: 0.4.0
  resolution: "bower-json@npm:0.4.0"
  dependencies:
    deep-extend: "npm:~0.2.5"
    graceful-fs: "npm:~2.0.0"
    intersect: "npm:~0.0.3"
  checksum: 10c0/54043e66755881b5cb838abc3d7a4a13153798ab3d22991b02dab34267c9d2278bbd816ed504491355b2f76aa1f29c58c2732c402ac2eb8abd28c16991207f30
  languageName: node
  linkType: hard

"bower-license@npm:^0.4.4":
  version: 0.4.4
  resolution: "bower-license@npm:0.4.4"
  dependencies:
    bower-json: "npm:~0.4.0"
    npm-license: "npm:~0.3.3"
    package-license: "npm:~0.1.1"
    raptor-args: "npm:~1.0.1"
    treeify: "npm:~1.0.1"
    underscore: "npm:~1.5.2"
  bin:
    bower-license: ./bin/bower-license
  checksum: 10c0/43f214684a28458e604e570f5bcbdcd5db12dc8ab034d938107e915c2dafc3f37e54747f66803722b27148de025016c35207f864748f84c8e1c78c2f94d71cb7
  languageName: node
  linkType: hard

"bower@npm:^1.8.14":
  version: 1.8.14
  resolution: "bower@npm:1.8.14"
  bin:
    bower: bin/bower
  checksum: 10c0/dbf71f95eaf34785f98793b8dfa2c1eba0b18b9e94b5c052f2019cfbe6135c041f106901c3e96fdc1d83b486472a8da8aea245b1490fe0ea4211f13ea8dd3463
  languageName: node
  linkType: hard

"brace-expansion@npm:^1.1.7":
  version: 1.1.12
  resolution: "brace-expansion@npm:1.1.12"
  dependencies:
    balanced-match: "npm:^1.0.0"
    concat-map: "npm:0.0.1"
  checksum: 10c0/975fecac2bb7758c062c20d0b3b6288c7cc895219ee25f0a64a9de662dbac981ff0b6e89909c3897c1f84fa353113a721923afdec5f8b2350255b097f12b1f73
  languageName: node
  linkType: hard

"brace-expansion@npm:^2.0.1":
  version: 2.0.2
  resolution: "brace-expansion@npm:2.0.2"
  dependencies:
    balanced-match: "npm:^1.0.0"
  checksum: 10c0/6d117a4c793488af86b83172deb6af143e94c17bc53b0b3cec259733923b4ca84679d506ac261f4ba3c7ed37c46018e2ff442f9ce453af8643ecd64f4a54e6cf
  languageName: node
  linkType: hard

"chalk@npm:^1.1.1":
  version: 1.1.3
  resolution: "chalk@npm:1.1.3"
  dependencies:
    ansi-styles: "npm:^2.2.1"
    escape-string-regexp: "npm:^1.0.2"
    has-ansi: "npm:^2.0.0"
    strip-ansi: "npm:^3.0.0"
    supports-color: "npm:^2.0.0"
  checksum: 10c0/28c3e399ec286bb3a7111fd4225ebedb0d7b813aef38a37bca7c498d032459c265ef43404201d5fbb8d888d29090899c95335b4c0cda13e8b126ff15c541cef8
  languageName: node
  linkType: hard

"chalk@npm:^2.4.1":
  version: 2.4.2
  resolution: "chalk@npm:2.4.2"
  dependencies:
    ansi-styles: "npm:^3.2.1"
    escape-string-regexp: "npm:^1.0.5"
    supports-color: "npm:^5.3.0"
  checksum: 10c0/e6543f02ec877732e3a2d1c3c3323ddb4d39fbab687c23f526e25bd4c6a9bf3b83a696e8c769d078e04e5754921648f7821b2a2acfd16c550435fd630026e073
  languageName: node
  linkType: hard

"cliui@npm:^9.0.1":
  version: 9.0.1
  resolution: "cliui@npm:9.0.1"
  dependencies:
    string-width: "npm:^7.2.0"
    strip-ansi: "npm:^7.1.0"
    wrap-ansi: "npm:^9.0.0"
  checksum: 10c0/13441832e9efe7c7a76bd2b8e683555c478d461a9f249dc5db9b17fe8d4b47fa9277b503914b90bd00e4a151abb6b9b02b2288972ffe2e5e3ca40bcb1c2330d3
  languageName: node
  linkType: hard

"color-convert@npm:^1.9.0":
  version: 1.9.3
  resolution: "color-convert@npm:1.9.3"
  dependencies:
    color-name: "npm:1.1.3"
  checksum: 10c0/5ad3c534949a8c68fca8fbc6f09068f435f0ad290ab8b2f76841b9e6af7e0bb57b98cb05b0e19fe33f5d91e5a8611ad457e5f69e0a484caad1f7487fd0e8253c
  languageName: node
  linkType: hard

"color-name@npm:1.1.3":
  version: 1.1.3
  resolution: "color-name@npm:1.1.3"
  checksum: 10c0/566a3d42cca25b9b3cd5528cd7754b8e89c0eb646b7f214e8e2eaddb69994ac5f0557d9c175eb5d8f0ad73531140d9c47525085ee752a91a2ab15ab459caf6d6
  languageName: node
  linkType: hard

"concat-map@npm:0.0.1":
  version: 0.0.1
  resolution: "concat-map@npm:0.0.1"
  checksum: 10c0/c996b1cfdf95b6c90fee4dae37e332c8b6eb7d106430c17d538034c0ad9a1630cb194d2ab37293b1bdd4d779494beee7786d586a50bd9376fd6f7bcc2bd4c98f
  languageName: node
  linkType: hard

"debug@npm:4.1.1":
  version: 4.1.1
  resolution: "debug@npm:4.1.1"
  dependencies:
    ms: "npm:^2.1.1"
  checksum: 10c0/399e98c779ba4e71537497f10caf6390646b69330ff8a455427acce04f1ce8d8cd018e1804fdcca772177666fdcd888dd3672bb8f9986c1d785a6c2b9805f370
  languageName: node
  linkType: hard

"debug@npm:^3.1.0":
  version: 3.2.7
  resolution: "debug@npm:3.2.7"
  dependencies:
    ms: "npm:^2.1.1"
  checksum: 10c0/37d96ae42cbc71c14844d2ae3ba55adf462ec89fd3a999459dec3833944cd999af6007ff29c780f1c61153bcaaf2c842d1e4ce1ec621e4fc4923244942e4a02a
  languageName: node
  linkType: hard

"debuglog@npm:^1.0.1":
  version: 1.0.1
  resolution: "debuglog@npm:1.0.1"
  checksum: 10c0/d98ac9abe6a528fcbb4d843b1caf5a9116998c76e1263d8ff4db2c086aa96fa7ea4c752a81050fa2e4304129ef330e6e4dc9dd4d47141afd7db80bf699f08219
  languageName: node
  linkType: hard

"deep-extend@npm:^0.5.1":
  version: 0.5.1
  resolution: "deep-extend@npm:0.5.1"
  checksum: 10c0/a0b86d1ff2d62b7fe531a568bf5fef3f9fe477ada35e3d97310ab989cb588acde607283ef587a4552eaf05c3491045536ddf5741021523574d93de472c61d24f
  languageName: node
  linkType: hard

"deep-extend@npm:~0.2.5":
  version: 0.2.11
  resolution: "deep-extend@npm:0.2.11"
  checksum: 10c0/8d0d3c881b0dd5c670c393a201dac3feee769ebb6af1f37e076470322c586b492e0a1928afa57b9e15761421c79c2014f3f897e5a2f1a997ab75c24b7469d866
  languageName: node
  linkType: hard

"deep-is@npm:^0.1.3":
  version: 0.1.4
  resolution: "deep-is@npm:0.1.4"
  checksum: 10c0/7f0ee496e0dff14a573dc6127f14c95061b448b87b995fc96c017ce0a1e66af1675e73f1d6064407975bc4ea6ab679497a29fff7b5b9c4e99cb10797c1ad0b4c
  languageName: node
  linkType: hard

"dezalgo@npm:^1.0.0":
  version: 1.0.4
  resolution: "dezalgo@npm:1.0.4"
  dependencies:
    asap: "npm:^2.0.0"
    wrappy: "npm:1"
  checksum: 10c0/8a870ed42eade9a397e6141fe5c025148a59ed52f1f28b1db5de216b4d57f0af7a257070c3af7ce3d5508c1ce9dd5009028a76f4b2cc9370dc56551d2355fad8
  languageName: node
  linkType: hard

"emoji-regex@npm:^10.3.0":
  version: 10.5.0
  resolution: "emoji-regex@npm:10.5.0"
  checksum: 10c0/17cf84335a461fc23bf90575122ace2902630dc760e53299474cd3b0b5e4cfbc6c0223a389a766817538e5d20bf0f36c67b753f27c9e705056af510b8777e312
  languageName: node
  linkType: hard

"ends-with@npm:^0.2.0":
  version: 0.2.0
  resolution: "ends-with@npm:0.2.0"
  checksum: 10c0/9c8d0f700ab8e1422e306cd520db7ebfd0cee45e8fbc5a114ab5a121b235bc2c653ea78cff9b4c8f9420a15b625f73f1f8b64a729527512ed6c2e99b319ce2db
  languageName: node
  linkType: hard

"escalade@npm:^3.1.1":
  version: 3.2.0
  resolution: "escalade@npm:3.2.0"
  checksum: 10c0/ced4dd3a78e15897ed3be74e635110bbf3b08877b0a41be50dcb325ee0e0b5f65fc2d50e9845194d7c4633f327e2e1c6cce00a71b617c5673df0374201d67f65
  languageName: node
  linkType: hard

"escape-string-regexp@npm:^1.0.2, escape-string-regexp@npm:^1.0.5":
  version: 1.0.5
  resolution: "escape-string-regexp@npm:1.0.5"
  checksum: 10c0/a968ad453dd0c2724e14a4f20e177aaf32bb384ab41b674a8454afe9a41c5e6fe8903323e0a1052f56289d04bd600f81278edf140b0fcc02f5cac98d0f5b5371
  languageName: node
  linkType: hard

"ext-list@npm:^2.0.0":
  version: 2.2.2
  resolution: "ext-list@npm:2.2.2"
  dependencies:
    mime-db: "npm:^1.28.0"
  checksum: 10c0/bfdb435f333dccbf3f9698dc9d8e38eb47b42d756800bfafa9ec0c1c8aace877c40095baf36f691bcfd09bb88ed247c6e51596e75a158280fa19cf8588a7e258
  languageName: node
  linkType: hard

"fs-jetpack@npm:^5.1.0":
  version: 5.1.0
  resolution: "fs-jetpack@npm:5.1.0"
  dependencies:
    minimatch: "npm:^5.1.0"
  checksum: 10c0/e4961131bebc9c39b23f1c9d4e19c2d6228ed918a6b12749f239829b35748fcd5f7a6f1f201f061cd9720058f4b41138159e9650d56f675e5741426b75b260e0
  languageName: node
  linkType: hard

"fs.realpath@npm:^1.0.0":
  version: 1.0.0
  resolution: "fs.realpath@npm:1.0.0"
  checksum: 10c0/444cf1291d997165dfd4c0d58b69f0e4782bfd9149fd72faa4fe299e68e0e93d6db941660b37dd29153bf7186672ececa3b50b7e7249477b03fdf850f287c948
  languageName: node
  linkType: hard

"function-bind@npm:^1.1.2":
  version: 1.1.2
  resolution: "function-bind@npm:1.1.2"
  checksum: 10c0/d8680ee1e5fcd4c197e4ac33b2b4dce03c71f4d91717292785703db200f5c21f977c568d28061226f9b5900cbcd2c84463646134fd5337e7925e0942bc3f46d5
  languageName: node
  linkType: hard

"get-caller-file@npm:^2.0.5":
  version: 2.0.5
  resolution: "get-caller-file@npm:2.0.5"
  checksum: 10c0/c6c7b60271931fa752aeb92f2b47e355eac1af3a2673f47c9589e8f8a41adc74d45551c1bc57b5e66a80609f10ffb72b6f575e4370d61cc3f7f3aaff01757cde
  languageName: node
  linkType: hard

"get-east-asian-width@npm:^1.0.0":
  version: 1.4.0
  resolution: "get-east-asian-width@npm:1.4.0"
  checksum: 10c0/4e481d418e5a32061c36fbb90d1b225a254cc5b2df5f0b25da215dcd335a3c111f0c2023ffda43140727a9cafb62dac41d022da82c08f31083ee89f714ee3b83
  languageName: node
  linkType: hard

"glob@npm:^7.1.1":
  version: 7.2.3
  resolution: "glob@npm:7.2.3"
  dependencies:
    fs.realpath: "npm:^1.0.0"
    inflight: "npm:^1.0.4"
    inherits: "npm:2"
    minimatch: "npm:^3.1.1"
    once: "npm:^1.3.0"
    path-is-absolute: "npm:^1.0.0"
  checksum: 10c0/65676153e2b0c9095100fe7f25a778bf45608eeb32c6048cf307f579649bcc30353277b3b898a3792602c65764e5baa4f643714dfbdfd64ea271d210c7a425fe
  languageName: node
  linkType: hard

"graceful-fs@npm:^4.1.2, graceful-fs@npm:^4.1.3":
  version: 4.2.11
  resolution: "graceful-fs@npm:4.2.11"
  checksum: 10c0/386d011a553e02bc594ac2ca0bd6d9e4c22d7fa8cfbfc448a6d148c59ea881b092db9dbe3547ae4b88e55f1b01f7c4a2ecc53b310c042793e63aa44cf6c257f2
  languageName: node
  linkType: hard

"graceful-fs@npm:~2.0.0":
  version: 2.0.3
  resolution: "graceful-fs@npm:2.0.3"
  checksum: 10c0/a2ac5ab5eb68731e8b7e3e4fcaa9cd15da8684977f4f41c13a7ca98fc16bf85772203894b53bc627bc1aeb7a3c94396d86869f265b8f18b145dfbb749a745e29
  languageName: node
  linkType: hard

"has-ansi@npm:^2.0.0":
  version: 2.0.0
  resolution: "has-ansi@npm:2.0.0"
  dependencies:
    ansi-regex: "npm:^2.0.0"
  checksum: 10c0/f54e4887b9f8f3c4bfefd649c48825b3c093987c92c27880ee9898539e6f01aed261e82e73153c3f920fde0db5bf6ebd58deb498ed1debabcb4bc40113ccdf05
  languageName: node
  linkType: hard

"has-flag@npm:^3.0.0":
  version: 3.0.0
  resolution: "has-flag@npm:3.0.0"
  checksum: 10c0/1c6c83b14b8b1b3c25b0727b8ba3e3b647f99e9e6e13eb7322107261de07a4c1be56fc0d45678fc376e09772a3a1642ccdaf8fc69bdf123b6c086598397ce473
  languageName: node
  linkType: hard

"hasown@npm:^2.0.2":
  version: 2.0.2
  resolution: "hasown@npm:2.0.2"
  dependencies:
    function-bind: "npm:^1.1.2"
  checksum: 10c0/3769d434703b8ac66b209a4cca0737519925bbdb61dd887f93a16372b14694c63ff4e797686d87c90f08168e81082248b9b028bad60d4da9e0d1148766f56eb9
  languageName: node
  linkType: hard

"hosted-git-info@npm:^2.1.4":
  version: 2.8.9
  resolution: "hosted-git-info@npm:2.8.9"
  checksum: 10c0/317cbc6b1bbbe23c2a40ae23f3dafe9fa349ce42a89a36f930e3f9c0530c179a3882d2ef1e4141a4c3674d6faaea862138ec55b43ad6f75e387fda2483a13c70
  languageName: node
  linkType: hard

"inflight@npm:^1.0.4":
  version: 1.0.6
  resolution: "inflight@npm:1.0.6"
  dependencies:
    once: "npm:^1.3.0"
    wrappy: "npm:1"
  checksum: 10c0/7faca22584600a9dc5b9fca2cd5feb7135ac8c935449837b315676b4c90aa4f391ec4f42240178244b5a34e8bede1948627fda392ca3191522fc46b34e985ab2
  languageName: node
  linkType: hard

"inherits@npm:2":
  version: 2.0.4
  resolution: "inherits@npm:2.0.4"
  checksum: 10c0/4e531f648b29039fb7426fb94075e6545faa1eb9fe83c29f0b6d9e7263aceb4289d2d4557db0d428188eeb449cc7c5e77b0a0b2c4e248ff2a65933a0dee49ef2
  languageName: node
  linkType: hard

"intersect@npm:^1.0.1":
  version: 1.0.1
  resolution: "intersect@npm:1.0.1"
  checksum: 10c0/18c34ef15d4188a34f325df0fac208239f31fc680a601d3ad92269ca048846355524be6c5a52d8afede79202d08a8e7db2086a9614c115244b179f73d436e91a
  languageName: node
  linkType: hard

"intersect@npm:~0.0.3":
  version: 0.0.3
  resolution: "intersect@npm:0.0.3"
  checksum: 10c0/faf26ed65e898cfe39789ce5b29acf95fe7038d73c4819140b50b24bcbf1f546b8efb9114f7012c28de8a25992e8792cfc29d7eb582e8023eb2db81e7fe7deb9
  languageName: node
  linkType: hard

"ip-regex@npm:^2.1.0":
  version: 2.1.0
  resolution: "ip-regex@npm:2.1.0"
  checksum: 10c0/3ce2d8307fa0373ca357eba7504e66e73b8121805fd9eba6a343aeb077c64c30659fa876b11ac7a75635b7529d2ce87723f208a5b9d51571513b5c68c0cc1541
  languageName: node
  linkType: hard

"is-core-module@npm:^2.16.0":
  version: 2.16.1
  resolution: "is-core-module@npm:2.16.1"
  dependencies:
    hasown: "npm:^2.0.2"
  checksum: 10c0/898443c14780a577e807618aaae2b6f745c8538eca5c7bc11388a3f2dc6de82b9902bcc7eb74f07be672b11bbe82dd6a6edded44a00cb3d8f933d0459905eedd
  languageName: node
  linkType: hard

"is-plain-obj@npm:^1.0.0":
  version: 1.1.0
  resolution: "is-plain-obj@npm:1.1.0"
  checksum: 10c0/daaee1805add26f781b413fdf192fc91d52409583be30ace35c82607d440da63cc4cac0ac55136716688d6c0a2c6ef3edb2254fecbd1fe06056d6bd15975ee8c
  languageName: node
  linkType: hard

"is-url@npm:^1.2.2":
  version: 1.2.4
  resolution: "is-url@npm:1.2.4"
  checksum: 10c0/0157a79874f8f95fdd63540e3f38c8583c2ef572661cd0693cda80ae3e42dfe8e9a4a972ec1b827f861d9a9acf75b37f7d58a37f94a8a053259642912c252bc3
  languageName: node
  linkType: hard

"is2@npm:2.0.1":
  version: 2.0.1
  resolution: "is2@npm:2.0.1"
  dependencies:
    deep-is: "npm:^0.1.3"
    ip-regex: "npm:^2.1.0"
    is-url: "npm:^1.2.2"
  checksum: 10c0/f8f11258890c1b0c38d1dff02742b06218518ca94ef389022b32b43442149b23d5b17d3d264c22e0cd18447196b48d26b74190deb59ae219fb6506d53fc7f2d3
  languageName: node
  linkType: hard

"json-parse-even-better-errors@npm:^2.3.0":
  version: 2.3.1
  resolution: "json-parse-even-better-errors@npm:2.3.1"
  checksum: 10c0/140932564c8f0b88455432e0f33c4cb4086b8868e37524e07e723f4eaedb9425bdc2bafd71bd1d9765bd15fd1e2d126972bc83990f55c467168c228c24d665f3
  languageName: node
  linkType: hard

"license-checker@npm:^25.0.1":
  version: 25.0.1
  resolution: "license-checker@npm:25.0.1"
  dependencies:
    chalk: "npm:^2.4.1"
    debug: "npm:^3.1.0"
    mkdirp: "npm:^0.5.1"
    nopt: "npm:^4.0.1"
    read-installed: "npm:~4.0.3"
    semver: "npm:^5.5.0"
    spdx-correct: "npm:^3.0.0"
    spdx-expression-parse: "npm:^3.0.0"
    spdx-satisfies: "npm:^4.0.0"
    treeify: "npm:^1.1.0"
  bin:
    license-checker: ./bin/license-checker
  checksum: 10c0/d916aad6bcb97d857b97e5fdaf24ca485d08a50ec193b1addf9a735732a54bd389a294d9cc19e295abf93b799fdbf8e44234fde3a91d964c076bcb4388cdc0d1
  languageName: node
  linkType: hard

"lodash@npm:^4.17.21":
  version: 4.17.21
  resolution: "lodash@npm:4.17.21"
  checksum: 10c0/d8cbea072bb08655bb4c989da418994b073a608dffa608b09ac04b43a791b12aeae7cd7ad919aa4c925f33b48490b5cfe6c1f71d827956071dae2e7bb3a6b74c
  languageName: node
  linkType: hard

"mime-db@npm:^1.28.0":
  version: 1.54.0
  resolution: "mime-db@npm:1.54.0"
  checksum: 10c0/8d907917bc2a90fa2df842cdf5dfeaf509adc15fe0531e07bb2f6ab15992416479015828d6a74200041c492e42cce3ebf78e5ce714388a0a538ea9c53eece284
  languageName: node
  linkType: hard

"minimatch@npm:^3.1.1":
  version: 3.1.2
  resolution: "minimatch@npm:3.1.2"
  dependencies:
    brace-expansion: "npm:^1.1.7"
  checksum: 10c0/0262810a8fc2e72cca45d6fd86bd349eee435eb95ac6aa45c9ea2180e7ee875ef44c32b55b5973ceabe95ea12682f6e3725cbb63d7a2d1da3ae1163c8b210311
  languageName: node
  linkType: hard

"minimatch@npm:^5.1.0":
  version: 5.1.6
  resolution: "minimatch@npm:5.1.6"
  dependencies:
    brace-expansion: "npm:^2.0.1"
  checksum: 10c0/3defdfd230914f22a8da203747c42ee3c405c39d4d37ffda284dac5e45b7e1f6c49aa8be606509002898e73091ff2a3bbfc59c2c6c71d4660609f63aa92f98e3
  languageName: node
  linkType: hard

"minimist@npm:^1.2.6":
  version: 1.2.8
  resolution: "minimist@npm:1.2.8"
  checksum: 10c0/19d3fcdca050087b84c2029841a093691a91259a47def2f18222f41e7645a0b7c44ef4b40e88a1e58a40c84d2ef0ee6047c55594d298146d0eb3f6b737c20ce6
  languageName: node
  linkType: hard

"mkdirp@npm:^0.5.1, mkdirp@npm:~0.5.0":
  version: 0.5.6
  resolution: "mkdirp@npm:0.5.6"
  dependencies:
    minimist: "npm:^1.2.6"
  bin:
    mkdirp: bin/cmd.js
  checksum: 10c0/e2e2be789218807b58abced04e7b49851d9e46e88a2f9539242cc8a92c9b5c3a0b9bab360bd3014e02a140fc4fbc58e31176c408b493f8a2a6f4986bd7527b01
  languageName: node
  linkType: hard

"ms@npm:^2.1.1":
  version: 2.1.3
  resolution: "ms@npm:2.1.3"
  checksum: 10c0/d924b57e7312b3b63ad21fc5b3dc0af5e78d61a1fc7cfb5457edaf26326bf62be5307cc87ffb6862ef1c2b33b0233cdb5d4f01c4c958cc0d660948b65a287a48
  languageName: node
  linkType: hard

"nopt-usage@npm:^0.1.0":
  version: 0.1.0
  resolution: "nopt-usage@npm:0.1.0"
  checksum: 10c0/6609ec5f96314a66c690cc8d40a83b1d592774172d65c65138616d157167af35b273f99f1869b220eae94053ddced0f39380f7b6e1e782f9e8a34c0d1ddc65d0
  languageName: node
  linkType: hard

"nopt@npm:^4.0.1":
  version: 4.0.3
  resolution: "nopt@npm:4.0.3"
  dependencies:
    abbrev: "npm:1"
    osenv: "npm:^0.1.4"
  bin:
    nopt: bin/nopt.js
  checksum: 10c0/03e54cdf8c9b46924cfadf333b2b86fc180410d74d51f9c72fec5ef9c6f1a19ec533f647c05e40d49ef7491af59664c5d0baace808d6ccfe3ff064ae630a61b4
  languageName: node
  linkType: hard

"nopt@npm:~3.0.1":
  version: 3.0.6
  resolution: "nopt@npm:3.0.6"
  dependencies:
    abbrev: "npm:1"
  bin:
    nopt: ./bin/nopt.js
  checksum: 10c0/f4414223c392dd215910942268d9bdc101ab876400f2c0626b88b718254f5c730dbab5eda58519dc4ea05b681ed8f09c147570ed273ade7fc07757e2e4f12c3d
  languageName: node
  linkType: hard

"normalize-package-data@npm:^2.0.0":
  version: 2.5.0
  resolution: "normalize-package-data@npm:2.5.0"
  dependencies:
    hosted-git-info: "npm:^2.1.4"
    resolve: "npm:^1.10.0"
    semver: "npm:2 || 3 || 4 || 5"
    validate-npm-package-license: "npm:^3.0.1"
  checksum: 10c0/357cb1646deb42f8eb4c7d42c4edf0eec312f3628c2ef98501963cc4bbe7277021b2b1d977f982b2edce78f5a1014613ce9cf38085c3df2d76730481357ca504
  languageName: node
  linkType: hard

"npm-attribution-generator@workspace:.":
  version: 0.0.0-use.local
  resolution: "npm-attribution-generator@workspace:."
  dependencies:
    bluebird: "npm:^3.7.2"
    bower: "npm:^1.8.14"
    bower-json: "npm:^0.8.4"
    bower-license: "npm:^0.4.4"
    fs-jetpack: "npm:^5.1.0"
    license-checker: "npm:^25.0.1"
    lodash: "npm:^4.17.21"
    spdx-licenses: "npm:^1.0.0"
    taim: "npm:^1.1.0"
    yargs: "npm:^18.0.0"
  bin:
    generate-attribution: index.js
  languageName: unknown
  linkType: soft

"npm-license@npm:~0.3.3":
  version: 0.3.3
  resolution: "npm-license@npm:0.3.3"
  dependencies:
    mkdirp: "npm:~0.5.0"
    nopt: "npm:~3.0.1"
    nopt-usage: "npm:^0.1.0"
    package-license: "npm:~0.1.1"
    pkginfo: "npm:^0.3.0"
    read-installed: "npm:~4.0.3"
    treeify: "npm:~1.0.1"
    underscore: "npm:~1.4.4"
  bin:
    npm-license: ./bin/npm-license
  checksum: 10c0/bf367c5bea2d8db865f5d91163cb170f7a0d550771586beb4fb3e7aac2fc393980db4daa0e97d423f8762b24a3808b278fef258a705fa4b0131e980d3c26705c
  languageName: node
  linkType: hard

"npm-normalize-package-bin@npm:^1.0.0":
  version: 1.0.1
  resolution: "npm-normalize-package-bin@npm:1.0.1"
  checksum: 10c0/b0c8c05fe419a122e0ff970ccbe7874ae24b4b4b08941a24d18097fe6e1f4b93e3f6abfb5512f9c5488827a5592f2fb3ce2431c41d338802aed24b9a0c160551
  languageName: node
  linkType: hard

"once@npm:^1.3.0":
  version: 1.4.0
  resolution: "once@npm:1.4.0"
  dependencies:
    wrappy: "npm:1"
  checksum: 10c0/5d48aca287dfefabd756621c5dfce5c91a549a93e9fdb7b8246bc4c4790aa2ec17b34a260530474635147aeb631a2dcc8b32c613df0675f96041cbb8244517d0
  languageName: node
  linkType: hard

"os-homedir@npm:^1.0.0":
  version: 1.0.2
  resolution: "os-homedir@npm:1.0.2"
  checksum: 10c0/6be4aa67317ee247b8d46142e243fb4ef1d2d65d3067f54bfc5079257a2f4d4d76b2da78cba7af3cb3f56dbb2e4202e0c47f26171d11ca1ed4008d842c90363f
  languageName: node
  linkType: hard

"os-tmpdir@npm:^1.0.0":
  version: 1.0.2
  resolution: "os-tmpdir@npm:1.0.2"
  checksum: 10c0/f438450224f8e2687605a8dd318f0db694b6293c5d835ae509a69e97c8de38b6994645337e5577f5001115470414638978cc49da1cdcc25106dad8738dc69990
  languageName: node
  linkType: hard

"osenv@npm:^0.1.4":
  version: 0.1.5
  resolution: "osenv@npm:0.1.5"
  dependencies:
    os-homedir: "npm:^1.0.0"
    os-tmpdir: "npm:^1.0.0"
  checksum: 10c0/b33ed4b77e662f3ee2a04bf4b56cad2107ab069dee982feb9e39ad44feb9aa0cf1016b9ac6e05d0d84c91fa496798fe48dd05a33175d624e51668068b9805302
  languageName: node
  linkType: hard

"package-license@npm:~0.1.1":
  version: 0.1.2
  resolution: "package-license@npm:0.1.2"
  checksum: 10c0/9943278601ff7d4c42490c12572e4b14c4d46b1e66b7188437c5ab4156c7f3b1193add3883e3fd0a8781b0f85c228c199f5d741db6e11a33833dd56ef987f80a
  languageName: node
  linkType: hard

"path-is-absolute@npm:^1.0.0":
  version: 1.0.1
  resolution: "path-is-absolute@npm:1.0.1"
  checksum: 10c0/127da03c82172a2a50099cddbf02510c1791fc2cc5f7713ddb613a56838db1e8168b121a920079d052e0936c23005562059756d653b7c544c53185efe53be078
  languageName: node
  linkType: hard

"path-parse@npm:^1.0.7":
  version: 1.0.7
  resolution: "path-parse@npm:1.0.7"
  checksum: 10c0/11ce261f9d294cc7a58d6a574b7f1b935842355ec66fba3c3fd79e0f036462eaf07d0aa95bb74ff432f9afef97ce1926c720988c6a7451d8a584930ae7de86e1
  languageName: node
  linkType: hard

"pkginfo@npm:^0.3.0":
  version: 0.3.1
  resolution: "pkginfo@npm:0.3.1"
  checksum: 10c0/ff3757f4e4866e9c200da7c7693893c19011c8ca0e4eddc82344ad01451b7674d069fa97cf771279ff877b3f363035f6ea7c849ff4758e44a4503867484b55fb
  languageName: node
  linkType: hard

"pretty-hrtime@npm:^1.0.0":
  version: 1.0.3
  resolution: "pretty-hrtime@npm:1.0.3"
  checksum: 10c0/67cb3fc283a72252b49ac488647e6a01b78b7aa1b8f2061834aa1650691229081518ef3ca940f77f41cc8a8f02ba9eeb74b843481596670209e493062f2e89e0
  languageName: node
  linkType: hard

"ramda@npm:0.18.x":
  version: 0.18.0
  resolution: "ramda@npm:0.18.0"
  checksum: 10c0/d6d7015b318b697e6e12ff3c42572183cd3fbbd0357e571e708b5dbb49bd5f274247547a22e5fdf11eab9059011547c4ec2e3ae6a148462b5b49b00d7f6c7513
  languageName: node
  linkType: hard

"raptor-args@npm:~1.0.1":
  version: 1.0.3
  resolution: "raptor-args@npm:1.0.3"
  checksum: 10c0/125ee6bd9a293017e42983308a1850359b2517ae4a2cca5668d1ca8ef8453115f295c460333fda562bf026a1cdf3d9e40a5b2f2a2a219268d3434327039656f7
  languageName: node
  linkType: hard

"read-installed@npm:~4.0.3":
  version: 4.0.3
  resolution: "read-installed@npm:4.0.3"
  dependencies:
    debuglog: "npm:^1.0.1"
    graceful-fs: "npm:^4.1.2"
    read-package-json: "npm:^2.0.0"
    readdir-scoped-modules: "npm:^1.0.0"
    semver: "npm:2 || 3 || 4 || 5"
    slide: "npm:~1.1.3"
    util-extend: "npm:^1.0.1"
  dependenciesMeta:
    graceful-fs:
      optional: true
  checksum: 10c0/3b90a1897c84ea7a59d9265f228c0543e6f66bb902b3beb65a159804e9e60cd4a520e24460325959c49f4e31c1f03d9d35aa275589d36721fc08cee162bcedcb
  languageName: node
  linkType: hard

"read-package-json@npm:^2.0.0":
  version: 2.1.2
  resolution: "read-package-json@npm:2.1.2"
  dependencies:
    glob: "npm:^7.1.1"
    json-parse-even-better-errors: "npm:^2.3.0"
    normalize-package-data: "npm:^2.0.0"
    npm-normalize-package-bin: "npm:^1.0.0"
  checksum: 10c0/2ff44e00a2e71bd87209021e3dd2b21d94f72dad2f5230c9ec3afb66acaf6d8c3ee4b6d09aa5c1ec660207d5c8d0b92b4b932459038ab448e74f35dbd8f2aa6a
  languageName: node
  linkType: hard

"readdir-scoped-modules@npm:^1.0.0":
  version: 1.1.0
  resolution: "readdir-scoped-modules@npm:1.1.0"
  dependencies:
    debuglog: "npm:^1.0.1"
    dezalgo: "npm:^1.0.0"
    graceful-fs: "npm:^4.1.2"
    once: "npm:^1.3.0"
  checksum: 10c0/21a53741c488775cbf78b0b51f1b897e9c523b1bcf54567fc2c8ed09b12d9027741f45fcb720f388c0c3088021b54dc3f616c07af1531417678cc7962fc15e5c
  languageName: node
  linkType: hard

"resolve@npm:^1.10.0":
  version: 1.22.10
  resolution: "resolve@npm:1.22.10"
  dependencies:
    is-core-module: "npm:^2.16.0"
    path-parse: "npm:^1.0.7"
    supports-preserve-symlinks-flag: "npm:^1.0.0"
  bin:
    resolve: bin/resolve
  checksum: 10c0/8967e1f4e2cc40f79b7e080b4582b9a8c5ee36ffb46041dccb20e6461161adf69f843b43067b4a375de926a2cd669157e29a29578191def399dd5ef89a1b5203
  languageName: node
  linkType: hard

"resolve@patch:resolve@npm%3A^1.10.0#optional!builtin<compat/resolve>":
  version: 1.22.10
  resolution: "resolve@patch:resolve@npm%3A1.22.10#optional!builtin<compat/resolve>::version=1.22.10&hash=c3c19d"
  dependencies:
    is-core-module: "npm:^2.16.0"
    path-parse: "npm:^1.0.7"
    supports-preserve-symlinks-flag: "npm:^1.0.0"
  bin:
    resolve: bin/resolve
  checksum: 10c0/52a4e505bbfc7925ac8f4cd91fd8c4e096b6a89728b9f46861d3b405ac9a1ccf4dcbf8befb4e89a2e11370dacd0160918163885cbc669369590f2f31f4c58939
  languageName: node
  linkType: hard

"semver@npm:2 || 3 || 4 || 5, semver@npm:^5.5.0":
  version: 5.7.2
  resolution: "semver@npm:5.7.2"
  bin:
    semver: bin/semver
  checksum: 10c0/e4cf10f86f168db772ae95d86ba65b3fd6c5967c94d97c708ccb463b778c2ee53b914cd7167620950fc07faf5a564e6efe903836639e512a1aa15fbc9667fa25
  languageName: node
  linkType: hard

"slide@npm:~1.1.3":
  version: 1.1.6
  resolution: "slide@npm:1.1.6"
  checksum: 10c0/f3bde70fd4c0a2ba6c23c674f010849865ddfacbc0ae3a57522d7ce88e4cc6c186d627943c34004d4f009a3fb477c03307b247ab69a266de4b3c72b271a6a03a
  languageName: node
  linkType: hard

"sort-keys-length@npm:^1.0.0":
  version: 1.0.1
  resolution: "sort-keys-length@npm:1.0.1"
  dependencies:
    sort-keys: "npm:^1.0.0"
  checksum: 10c0/4567d08aa859c7e48b7e2cba14a8ae09a100f6a3bd7cf5d21dccd808d6332c945b9a7e2230a95c16e0e6eac1a943cd050ae51a5d1b4c8ec4b1e89a5801be9aa2
  languageName: node
  linkType: hard

"sort-keys@npm:^1.0.0":
  version: 1.1.2
  resolution: "sort-keys@npm:1.1.2"
  dependencies:
    is-plain-obj: "npm:^1.0.0"
  checksum: 10c0/5dd383b0299a40277051f7498c3999520138e2eb50d422962f658738341c9e82349fad4a3024d5ba1a3122688fbaf958f2a472d4c53bade55515097c2ce15420
  languageName: node
  linkType: hard

"spdx-compare@npm:^1.0.0":
  version: 1.0.0
  resolution: "spdx-compare@npm:1.0.0"
  dependencies:
    array-find-index: "npm:^1.0.2"
    spdx-expression-parse: "npm:^3.0.0"
    spdx-ranges: "npm:^2.0.0"
  checksum: 10c0/39d584129b00eaf0bb314984e5d662e511980c1fc6c4eb1d80677044a7b2b9cc3f84f6838695cf988807bf81ea0fce7438e33b0ee54fa87d302635bd143b7fc7
  languageName: node
  linkType: hard

"spdx-correct@npm:^3.0.0":
  version: 3.2.0
  resolution: "spdx-correct@npm:3.2.0"
  dependencies:
    spdx-expression-parse: "npm:^3.0.0"
    spdx-license-ids: "npm:^3.0.0"
  checksum: 10c0/49208f008618b9119208b0dadc9208a3a55053f4fd6a0ae8116861bd22696fc50f4142a35ebfdb389e05ccf2de8ad142573fefc9e26f670522d899f7b2fe7386
  languageName: node
  linkType: hard

"spdx-exceptions@npm:^2.1.0":
  version: 2.5.0
  resolution: "spdx-exceptions@npm:2.5.0"
  checksum: 10c0/37217b7762ee0ea0d8b7d0c29fd48b7e4dfb94096b109d6255b589c561f57da93bf4e328c0290046115961b9209a8051ad9f525e48d433082fc79f496a4ea940
  languageName: node
  linkType: hard

"spdx-expression-parse@npm:^3.0.0":
  version: 3.0.1
  resolution: "spdx-expression-parse@npm:3.0.1"
  dependencies:
    spdx-exceptions: "npm:^2.1.0"
    spdx-license-ids: "npm:^3.0.0"
  checksum: 10c0/6f8a41c87759fa184a58713b86c6a8b028250f158159f1d03ed9d1b6ee4d9eefdc74181c8ddc581a341aa971c3e7b79e30b59c23b05d2436d5de1c30bdef7171
  languageName: node
  linkType: hard

"spdx-license-ids@npm:^3.0.0":
  version: 3.0.22
  resolution: "spdx-license-ids@npm:3.0.22"
  checksum: 10c0/4a85e44c2ccfc06eebe63239193f526508ebec1abc7cf7bca8ee43923755636234395447c2c87f40fb672cf580a9c8e684513a676bfb2da3d38a4983684bbb38
  languageName: node
  linkType: hard

"spdx-licenses@npm:^1.0.0":
  version: 1.0.0
  resolution: "spdx-licenses@npm:1.0.0"
  dependencies:
    debug: "npm:4.1.1"
    is2: "npm:2.0.1"
  checksum: 10c0/48a191ca5da7f8a1bab562fba26a054be253376539ee2fa5ed4f8b1a3ea08a57cfb6a74f8126d6ef11c44c71f0520f19f8ecd02f69fe61e07ca4b185c22d7f48
  languageName: node
  linkType: hard

"spdx-ranges@npm:^2.0.0":
  version: 2.1.1
  resolution: "spdx-ranges@npm:2.1.1"
  checksum: 10c0/2d6bf9ec8e0f509c1a119361ff784f0bfa8ebbd8cfbc8e10f79579def54af060bb5058b36372f19770e659051082c451145c1284d2980419a720675accdb4a3d
  languageName: node
  linkType: hard

"spdx-satisfies@npm:^4.0.0":
  version: 4.0.1
  resolution: "spdx-satisfies@npm:4.0.1"
  dependencies:
    spdx-compare: "npm:^1.0.0"
    spdx-expression-parse: "npm:^3.0.0"
    spdx-ranges: "npm:^2.0.0"
  checksum: 10c0/aee8703dc55cb03de45b47115fc24ffefde584f5d9b574e84136a4af59d3ffd12f9a1f8b7ec5d73ce5144f0cb24cb8c599f2d3b3eff88b04b42758c42bf55d29
  languageName: node
  linkType: hard

"string-width@npm:^7.0.0, string-width@npm:^7.2.0":
  version: 7.2.0
  resolution: "string-width@npm:7.2.0"
  dependencies:
    emoji-regex: "npm:^10.3.0"
    get-east-asian-width: "npm:^1.0.0"
    strip-ansi: "npm:^7.1.0"
  checksum: 10c0/eb0430dd43f3199c7a46dcbf7a0b34539c76fe3aa62763d0b0655acdcbdf360b3f66f3d58ca25ba0205f42ea3491fa00f09426d3b7d3040e506878fc7664c9b9
  languageName: node
  linkType: hard

"strip-ansi@npm:^3.0.0":
  version: 3.0.1
  resolution: "strip-ansi@npm:3.0.1"
  dependencies:
    ansi-regex: "npm:^2.0.0"
  checksum: 10c0/f6e7fbe8e700105dccf7102eae20e4f03477537c74b286fd22cfc970f139002ed6f0d9c10d0e21aa9ed9245e0fa3c9275930e8795c5b947da136e4ecb644a70f
  languageName: node
  linkType: hard

"strip-ansi@npm:^7.1.0":
  version: 7.1.2
  resolution: "strip-ansi@npm:7.1.2"
  dependencies:
    ansi-regex: "npm:^6.0.1"
  checksum: 10c0/0d6d7a023de33368fd042aab0bf48f4f4077abdfd60e5393e73c7c411e85e1b3a83507c11af2e656188511475776215df9ca589b4da2295c9455cc399ce1858b
  languageName: node
  linkType: hard

"supports-color@npm:^2.0.0":
  version: 2.0.0
  resolution: "supports-color@npm:2.0.0"
  checksum: 10c0/570e0b63be36cccdd25186350a6cb2eaad332a95ff162fa06d9499982315f2fe4217e69dd98e862fbcd9c81eaff300a825a1fe7bf5cc752e5b84dfed042b0dda
  languageName: node
  linkType: hard

"supports-color@npm:^5.3.0":
  version: 5.5.0
  resolution: "supports-color@npm:5.5.0"
  dependencies:
    has-flag: "npm:^3.0.0"
  checksum: 10c0/6ae5ff319bfbb021f8a86da8ea1f8db52fac8bd4d499492e30ec17095b58af11f0c55f8577390a749b1c4dde691b6a0315dab78f5f54c9b3d83f8fb5905c1c05
  languageName: node
  linkType: hard

"supports-preserve-symlinks-flag@npm:^1.0.0":
  version: 1.0.0
  resolution: "supports-preserve-symlinks-flag@npm:1.0.0"
  checksum: 10c0/6c4032340701a9950865f7ae8ef38578d8d7053f5e10518076e6554a9381fa91bd9c6850193695c141f32b21f979c985db07265a758867bac95de05f7d8aeb39
  languageName: node
  linkType: hard

"taim@npm:^1.1.0":
  version: 1.1.0
  resolution: "taim@npm:1.1.0"
  dependencies:
    chalk: "npm:^1.1.1"
    pretty-hrtime: "npm:^1.0.0"
    ramda: "npm:0.18.x"
  checksum: 10c0/5ed071a49482e1f3adc482d3b810f8e08d0b0d5d76fc6d3393b548dbd7625c3b5019144a56a971e99fedc4903502bdbe78624e84c394b6d6eba83a3c8d19c3c9
  languageName: node
  linkType: hard

"treeify@npm:^1.1.0":
  version: 1.1.0
  resolution: "treeify@npm:1.1.0"
  checksum: 10c0/2f0dea9e89328b8a42296a3963d341ab19897a05b723d6b0bced6b28701a340d2a7b03241aef807844198e46009aaf3755139274eb082cfce6fdc1935cbd69dd
  languageName: node
  linkType: hard

"treeify@npm:~1.0.1":
  version: 1.0.1
  resolution: "treeify@npm:1.0.1"
  checksum: 10c0/a088da0d1dc999534e274578087be5d5360f71196cb5e4ffe3e63c147bc39d244d708d3a797cf8e95f1bf556cf7d49ff9fbe7904ce44f12055d40c6308f94dcb
  languageName: node
  linkType: hard

"underscore@npm:~1.4.4":
  version: 1.4.4
  resolution: "underscore@npm:1.4.4"
  checksum: 10c0/d2ef79ebb283bf3cb6e26147a7170d8dee7559f743bb5efec3ca8cbd6535dd61efab2d8a1b3ecdb5b1c4d9ce606d3c3b803e5ca3c3f74e7d102437eed4fde5c5
  languageName: node
  linkType: hard

"underscore@npm:~1.5.2":
  version: 1.5.2
  resolution: "underscore@npm:1.5.2"
  checksum: 10c0/2dd21f646261ec5978096518615bf9f846bd7368787e4021e96741c5f01013e52b0149719f9abcab663c605773ec952e3b05c84620f9503a0a187b87a8c2c8b9
  languageName: node
  linkType: hard

"util-extend@npm:^1.0.1":
  version: 1.0.3
  resolution: "util-extend@npm:1.0.3"
  checksum: 10c0/93d5a4faec6ce92d6976fc421ed716888054291602fed8067134867a37226738a557e4785f47b8a5ecde60837e0c694da73895f66badbd4bc8d57ec9d4799bfd
  languageName: node
  linkType: hard

"validate-npm-package-license@npm:^3.0.1":
  version: 3.0.4
  resolution: "validate-npm-package-license@npm:3.0.4"
  dependencies:
    spdx-correct: "npm:^3.0.0"
    spdx-expression-parse: "npm:^3.0.0"
  checksum: 10c0/7b91e455a8de9a0beaa9fe961e536b677da7f48c9a493edf4d4d4a87fd80a7a10267d438723364e432c2fcd00b5650b5378275cded362383ef570276e6312f4f
  languageName: node
  linkType: hard

"wrap-ansi@npm:^9.0.0":
  version: 9.0.2
  resolution: "wrap-ansi@npm:9.0.2"
  dependencies:
    ansi-styles: "npm:^6.2.1"
    string-width: "npm:^7.0.0"
    strip-ansi: "npm:^7.1.0"
  checksum: 10c0/3305839b9a0d6fb930cb63a52f34d3936013d8b0682ff3ec133c9826512620f213800ffa19ea22904876d5b7e9a3c1f40682f03597d986a4ca881fa7b033688c
  languageName: node
  linkType: hard

"wrappy@npm:1":
  version: 1.0.2
  resolution: "wrappy@npm:1.0.2"
  checksum: 10c0/56fece1a4018c6a6c8e28fbc88c87e0fbf4ea8fd64fc6c63b18f4acc4bd13e0ad2515189786dd2c30d3eec9663d70f4ecf699330002f8ccb547e4a18231fc9f0
  languageName: node
  linkType: hard

"y18n@npm:^5.0.5":
  version: 5.0.8
  resolution: "y18n@npm:5.0.8"
  checksum: 10c0/4df2842c36e468590c3691c894bc9cdbac41f520566e76e24f59401ba7d8b4811eb1e34524d57e54bc6d864bcb66baab7ffd9ca42bf1eda596618f9162b91249
  languageName: node
  linkType: hard

"yargs-parser@npm:^22.0.0":
  version: 22.0.0
  resolution: "yargs-parser@npm:22.0.0"
  checksum: 10c0/cb7ef81759c4271cb1d96b9351dbbc9a9ce35d3e1122d2b739bf6c432603824fa02c67cc12dcef6ea80283379d63495686e8f41cc7b06c6576e792aba4d33e1c
  languageName: node
  linkType: hard

"yargs@npm:^18.0.0":
  version: 18.0.0
  resolution: "yargs@npm:18.0.0"
  dependencies:
    cliui: "npm:^9.0.1"
    escalade: "npm:^3.1.1"
    get-caller-file: "npm:^2.0.5"
    string-width: "npm:^7.2.0"
    y18n: "npm:^5.0.5"
    yargs-parser: "npm:^22.0.0"
  checksum: 10c0/bf290e4723876ea9c638c786a5c42ac28e03c9ca2325e1424bf43b94e5876456292d3ed905b853ebbba6daf43ed29e772ac2a6b3c5fb1b16533245d6211778f3
  languageName: node
  linkType: hard
